
Microsoft Visual Studio Solution File, Format Version 12.00
# Visual Studio Version 17
VisualStudioVersion = 17.5.002.0
MinimumVisualStudioVersion = 10.0.40219.1
Project("{9A19103F-16F7-4668-BE54-9A1E7A4F7556}") = "HooprAdmin", "HooprAdmin.csproj", "{A63091FE-6036-447D-A07F-FD6C2F3A9C03}"
EndProject
Global
	GlobalSection(SolutionConfigurationPlatforms) = preSolution
		Debug|Any CPU = Debug|Any CPU
		Release|Any CPU = Release|Any CPU
	EndGlobalSection
	GlobalSection(ProjectConfigurationPlatforms) = postSolution
		{A63091FE-6036-447D-A07F-FD6C2F3A9C03}.Debug|Any CPU.ActiveCfg = Debug|Any CPU
		{A63091FE-6036-447D-A07F-FD6C2F3A9C03}.Debug|Any CPU.Build.0 = Debug|Any CPU
		{A63091FE-6036-447D-A07F-FD6C2F3A9C03}.Release|Any CPU.ActiveCfg = Release|Any CPU
		{A63091FE-6036-447D-A07F-FD6C2F3A9C03}.Release|Any CPU.Build.0 = Release|Any CPU
	EndGlobalSection
	GlobalSection(SolutionProperties) = preSolution
		HideSolutionNode = FALSE
	EndGlobalSection
	GlobalSection(ExtensibilityGlobals) = postSolution
		SolutionGuid = {0E8CD4D5-9BE1-495B-A904-2B7898D87C7B}
	EndGlobalSection
EndGlobal
